# This file is automatically @generated by Cargo.
# It is not intended for manual editing.
version = 4

[[package]]
name = "use-authn"
version = "0.0.1"

[[package]]
name = "use-authz"
version = "0.0.1"

[[package]]
name = "use-crypto"
version = "0.0.1"

[[package]]
name = "use-cve"
version = "0.0.1"

[[package]]
name = "use-cvss"
version = "0.0.1"

[[package]]
name = "use-cwe"
version = "0.0.1"

[[package]]
name = "use-owasp"
version = "0.0.1"

[[package]]
name = "use-sbom"
version = "0.0.1"

[[package]]
name = "use-secret"
version = "0.0.1"

[[package]]
name = "use-security"
version = "0.0.1"
dependencies = [
 "use-authn",
 "use-authz",
 "use-crypto",
 "use-cve",
 "use-cvss",
 "use-cwe",
 "use-owasp",
 "use-sbom",
 "use-secret",
 "use-security-finding",
 "use-security-header",
 "use-security-risk",
 "use-threat",
]

[[package]]
name = "use-security-finding"
version = "0.0.1"

[[package]]
name = "use-security-header"
version = "0.0.1"

[[package]]
name = "use-security-risk"
version = "0.0.1"

[[package]]
name = "use-threat"
version = "0.0.1"
